
Microsoft Visual Studio Solution File, Format Version 12.00
# Visual Studio Version 17
VisualStudioVersion = 17.9.34701.34
MinimumVisualStudioVersion = 10.0.40219.1
Project("{8BC9CEB8-8B4A-11D0-8D11-00A0C91BC942}") = "Snake game project", "Snake game project\Snake game project.vcxproj", "{D1B02813-DA23-43A2-926A-334D52A4DAEB}"
EndProject
Global
	GlobalSection(SolutionConfigurationPlatforms) = preSolution
		Debug|x64 = Debug|x64
		Debug|x86 = Debug|x86
		Release|x64 = Release|x64
		Release|x86 = Release|x86
	EndGlobalSection
	GlobalSection(ProjectConfigurationPlatforms) = postSolution
		{D1B02813-DA23-43A2-926A-334D52A4DAEB}.Debug|x64.ActiveCfg = Debug|x64
		{D1B02813-DA23-43A2-926A-334D52A4DAEB}.Debug|x64.Build.0 = Debug|x64
		{D1B02813-DA23-43A2-926A-334D52A4DAEB}.Debug|x86.ActiveCfg = Debug|Win32
		{D1B02813-DA23-43A2-926A-334D52A4DAEB}.Debug|x86.Build.0 = Debug|Win32
		{D1B02813-DA23-43A2-926A-334D52A4DAEB}.Release|x64.ActiveCfg = Release|x64
		{D1B02813-DA23-43A2-926A-334D52A4DAEB}.Release|x64.Build.0 = Release|x64
		{D1B02813-DA23-43A2-926A-334D52A4DAEB}.Release|x86.ActiveCfg = Release|Win32
		{D1B02813-DA23-43A2-926A-334D52A4DAEB}.Release|x86.Build.0 = Release|Win32
	EndGlobalSection
	GlobalSection(SolutionProperties) = preSolution
		HideSolutionNode = FALSE
	EndGlobalSection
	GlobalSection(ExtensibilityGlobals) = postSolution
		SolutionGuid = {4472588D-B9B5-4E60-BB12-87215959A3D2}
	EndGlobalSection
EndGlobal
